
Microsoft Visual Studio Solution File, Format Version 11.00
# Visual Studio 2010 Express for Windows Phone
Project("{FAE04EC0-301F-11D3-BF4B-00C04F79EFBC}") = "DataSaveSample", "PhoneApp1\DataSaveSample.csproj", "{1AE113B4-335B-4699-B57E-450C8C04ED3D}"
EndProject
Global
	GlobalSection(SolutionConfigurationPlatforms) = preSolution
		Debug|Any CPU = Debug|Any CPU
		Release|Any CPU = Release|Any CPU
	EndGlobalSection
	GlobalSection(ProjectConfigurationPlatforms) = postSolution
		{1AE113B4-335B-4699-B57E-450C8C04ED3D}.Debug|Any CPU.ActiveCfg = Debug|Any CPU
		{1AE113B4-335B-4699-B57E-450C8C04ED3D}.Debug|Any CPU.Build.0 = Debug|Any CPU
		{1AE113B4-335B-4699-B57E-450C8C04ED3D}.Debug|Any CPU.Deploy.0 = Debug|Any CPU
		{1AE113B4-335B-4699-B57E-450C8C04ED3D}.Release|Any CPU.ActiveCfg = Release|Any CPU
		{1AE113B4-335B-4699-B57E-450C8C04ED3D}.Release|Any CPU.Build.0 = Release|Any CPU
		{1AE113B4-335B-4699-B57E-450C8C04ED3D}.Release|Any CPU.Deploy.0 = Release|Any CPU
	EndGlobalSection
	GlobalSection(SolutionProperties) = preSolution
		HideSolutionNode = FALSE
	EndGlobalSection
EndGlobal
