
Microsoft Visual Studio Solution File, Format Version 11.00
# Visual Studio 2010 Express for Windows Phone
Project("{FAE04EC0-301F-11D3-BF4B-00C04F79EFBC}") = "ImageApp", "ImageApp\ImageApp.csproj", "{2D9B80F0-44CB-47B6-AEB2-5D367482C02C}"
EndProject
Global
	GlobalSection(SolutionConfigurationPlatforms) = preSolution
		Debug|Any CPU = Debug|Any CPU
		Release|Any CPU = Release|Any CPU
	EndGlobalSection
	GlobalSection(ProjectConfigurationPlatforms) = postSolution
		{2D9B80F0-44CB-47B6-AEB2-5D367482C02C}.Debug|Any CPU.ActiveCfg = Debug|Any CPU
		{2D9B80F0-44CB-47B6-AEB2-5D367482C02C}.Debug|Any CPU.Build.0 = Debug|Any CPU
		{2D9B80F0-44CB-47B6-AEB2-5D367482C02C}.Debug|Any CPU.Deploy.0 = Debug|Any CPU
		{2D9B80F0-44CB-47B6-AEB2-5D367482C02C}.Release|Any CPU.ActiveCfg = Release|Any CPU
		{2D9B80F0-44CB-47B6-AEB2-5D367482C02C}.Release|Any CPU.Build.0 = Release|Any CPU
		{2D9B80F0-44CB-47B6-AEB2-5D367482C02C}.Release|Any CPU.Deploy.0 = Release|Any CPU
	EndGlobalSection
	GlobalSection(SolutionProperties) = preSolution
		HideSolutionNode = FALSE
	EndGlobalSection
EndGlobal
